// !$*UTF8*$!
{
	archiveVersion = 1;
	classes = {
	};
	objectVersion = 56;
	objects = {

/* Begin PBXBuildFile section */
		6E39C5862A2493A500967990 /* ModelManager.swift in Sources */ = {isa = PBXBuildFile; fileRef = 6E39C5852A2493A500967990 /* ModelManager.swift */; };
		6E39C5882A2495FD00967990 /* TodoItem.swift in Sources */ = {isa = PBXBuildFile; fileRef = 6E39C5872A2495FD00967990 /* TodoItem.swift */; };
		6E39C58A2A24C6D500967990 /* TodoListDataProvider.swift in Sources */ = {isa = PBXBuildFile; fileRef = 6E39C5892A24C6D500967990 /* TodoListDataProvider.swift */; };
		6E39C58C2A24D4B900967990 /* DetailLocationViewController.swift in Sources */ = {isa = PBXBuildFile; fileRef = 6E39C58B2A24D4B900967990 /* DetailLocationViewController.swift */; };
		6E39C58F2A24DABA00967990 /* Constants.swift in Sources */ = {isa = PBXBuildFile; fileRef = 6E39C58E2A24DABA00967990 /* Constants.swift */; };
		6E39C5922A24E15500967990 /* SnapKit in Frameworks */ = {isa = PBXBuildFile; productRef = 6E39C5912A24E15500967990 /* SnapKit */; };
		6E39C5942A24E44800967990 /* TodoFormViewController.swift in Sources */ = {isa = PBXBuildFile; fileRef = 6E39C5932A24E44800967990 /* TodoFormViewController.swift */; };
		6E39C5992A25111400967990 /* TodoItemCell.swift in Sources */ = {isa = PBXBuildFile; fileRef = 6E39C5982A25111400967990 /* TodoItemCell.swift */; };
		6E52A5502A2108FD009A81D2 /* AppDelegate.swift in Sources */ = {isa = PBXBuildFile; fileRef = 6E52A54F2A2108FD009A81D2 /* AppDelegate.swift */; };
		6E52A5522A2108FD009A81D2 /* SceneDelegate.swift in Sources */ = {isa = PBXBuildFile; fileRef = 6E52A5512A2108FD009A81D2 /* SceneDelegate.swift */; };
		6E52A5542A2108FD009A81D2 /* TodoListViewController.swift in Sources */ = {isa = PBXBuildFile; fileRef = 6E52A5532A2108FD009A81D2 /* TodoListViewController.swift */; };
		6E52A5572A2108FD009A81D2 /* Main.storyboard in Resources */ = {isa = PBXBuildFile; fileRef = 6E52A5552A2108FD009A81D2 /* Main.storyboard */; };
		6E52A5592A2108FE009A81D2 /* Assets.xcassets in Resources */ = {isa = PBXBuildFile; fileRef = 6E52A5582A2108FE009A81D2 /* Assets.xcassets */; };
		6E52A55C2A2108FE009A81D2 /* LaunchScreen.storyboard in Resources */ = {isa = PBXBuildFile; fileRef = 6E52A55A2A2108FE009A81D2 /* LaunchScreen.storyboard */; };
		6E52A5672A2108FE009A81D2 /* ToDoListOfTDDTests.swift in Sources */ = {isa = PBXBuildFile; fileRef = 6E52A5662A2108FE009A81D2 /* ToDoListOfTDDTests.swift */; };
		6E52A5712A2108FE009A81D2 /* ToDoListOfTDDUITests.swift in Sources */ = {isa = PBXBuildFile; fileRef = 6E52A5702A2108FE009A81D2 /* ToDoListOfTDDUITests.swift */; };
		6E52A5732A2108FE009A81D2 /* ToDoListOfTDDUITestsLaunchTests.swift in Sources */ = {isa = PBXBuildFile; fileRef = 6E52A5722A2108FE009A81D2 /* ToDoListOfTDDUITestsLaunchTests.swift */; };
/* End PBXBuildFile section */

/* Begin PBXContainerItemProxy section */
		6E52A5632A2108FE009A81D2 /* PBXContainerItemProxy */ = {
			isa = PBXContainerItemProxy;
			containerPortal = 6E52A5442A2108FD009A81D2 /* Project object */;
			proxyType = 1;
			remoteGlobalIDString = 6E52A54B2A2108FD009A81D2;
			remoteInfo = ToDoListOfTDD;
		};
		6E52A56D2A2108FE009A81D2 /* PBXContainerItemProxy */ = {
			isa = PBXContainerItemProxy;
			containerPortal = 6E52A5442A2108FD009A81D2 /* Project object */;
			proxyType = 1;
			remoteGlobalIDString = 6E52A54B2A2108FD009A81D2;
			remoteInfo = ToDoListOfTDD;
		};
/* End PBXContainerItemProxy section */

/* Begin PBXFileReference section */
		6E39C5852A2493A500967990 /* ModelManager.swift */ = {isa = PBXFileReference; lastKnownFileType = sourcecode.swift; path = ModelManager.swift; sourceTree = "<group>"; };
		6E39C5872A2495FD00967990 /* TodoItem.swift */ = {isa = PBXFileReference; lastKnownFileType = sourcecode.swift; path = TodoItem.swift; sourceTree = "<group>"; };
		6E39C5892A24C6D500967990 /* TodoListDataProvider.swift */ = {isa = PBXFileReference; lastKnownFileType = sourcecode.swift; path = TodoListDataProvider.swift; sourceTree = "<group>"; };
		6E39C58B2A24D4B900967990 /* DetailLocationViewController.swift */ = {isa = PBXFileReference; lastKnownFileType = sourcecode.swift; path = DetailLocationViewController.swift; sourceTree = "<group>"; };
		6E39C58E2A24DABA00967990 /* Constants.swift */ = {isa = PBXFileReference; lastKnownFileType = sourcecode.swift; path = Constants.swift; sourceTree = "<group>"; };
		6E39C5932A24E44800967990 /* TodoFormViewController.swift */ = {isa = PBXFileReference; lastKnownFileType = sourcecode.swift; path = TodoFormViewController.swift; sourceTree = "<group>"; };
		6E39C5982A25111400967990 /* TodoItemCell.swift */ = {isa = PBXFileReference; lastKnownFileType = sourcecode.swift; path = TodoItemCell.swift; sourceTree = "<group>"; };
		6E52A54C2A2108FD009A81D2 /* ToDoListOfTDD.app */ = {isa = PBXFileReference; explicitFileType = wrapper.application; includeInIndex = 0; path = ToDoListOfTDD.app; sourceTree = BUILT_PRODUCTS_DIR; };
		6E52A54F2A2108FD009A81D2 /* AppDelegate.swift */ = {isa = PBXFileReference; lastKnownFileType = sourcecode.swift; path = AppDelegate.swift; sourceTree = "<group>"; };
		6E52A5512A2108FD009A81D2 /* SceneDelegate.swift */ = {isa = PBXFileReference; lastKnownFileType = sourcecode.swift; path = SceneDelegate.swift; sourceTree = "<group>"; };
		6E52A5532A2108FD009A81D2 /* TodoListViewController.swift */ = {isa = PBXFileReference; lastKnownFileType = sourcecode.swift; path = TodoListViewController.swift; sourceTree = "<group>"; };
		6E52A5562A2108FD009A81D2 /* Base */ = {isa = PBXFileReference; lastKnownFileType = file.storyboard; name = Base; path = Base.lproj/Main.storyboard; sourceTree = "<group>"; };
		6E52A5582A2108FE009A81D2 /* Assets.xcassets */ = {isa = PBXFileReference; lastKnownFileType = folder.assetcatalog; path = Assets.xcassets; sourceTree = "<group>"; };
		6E52A55B2A2108FE009A81D2 /* Base */ = {isa = PBXFileReference; lastKnownFileType = file.storyboard; name = Base; path = Base.lproj/LaunchScreen.storyboard; sourceTree = "<group>"; };
		6E52A55D2A2108FE009A81D2 /* Info.plist */ = {isa = PBXFileReference; lastKnownFileType = text.plist.xml; path = Info.plist; sourceTree = "<group>"; };
		6E52A5622A2108FE009A81D2 /* ToDoListOfTDDTests.xctest */ = {isa = PBXFileReference; explicitFileType = wrapper.cfbundle; includeInIndex = 0; path = ToDoListOfTDDTests.xctest; sourceTree = BUILT_PRODUCTS_DIR; };
		6E52A5662A2108FE009A81D2 /* ToDoListOfTDDTests.swift */ = {isa = PBXFileReference; lastKnownFileType = sourcecode.swift; path = ToDoListOfTDDTests.swift; sourceTree = "<group>"; };
		6E52A56C2A2108FE009A81D2 /* ToDoListOfTDDUITests.xctest */ = {isa = PBXFileReference; explicitFileType = wrapper.cfbundle; includeInIndex = 0; path = ToDoListOfTDDUITests.xctest; sourceTree = BUILT_PRODUCTS_DIR; };
		6E52A5702A2108FE009A81D2 /* ToDoListOfTDDUITests.swift */ = {isa = PBXFileReference; lastKnownFileType = sourcecode.swift; path = ToDoListOfTDDUITests.swift; sourceTree = "<group>"; };
		6E52A5722A2108FE009A81D2 /* ToDoListOfTDDUITestsLaunchTests.swift */ = {isa = PBXFileReference; lastKnownFileType = sourcecode.swift; path = ToDoListOfTDDUITestsLaunchTests.swift; sourceTree = "<group>"; };
/* End PBXFileReference section */

/* Begin PBXFrameworksBuildPhase section */
		6E52A5492A2108FD009A81D2 /* Frameworks */ = {
			isa = PBXFrameworksBuildPhase;
			buildActionMask = 2147483647;
			files = (
				6E39C5922A24E15500967990 /* SnapKit in Frameworks */,
			);
			runOnlyForDeploymentPostprocessing = 0;
		};
		6E52A55F2A2108FE009A81D2 /* Frameworks */ = {
			isa = PBXFrameworksBuildPhase;
			buildActionMask = 2147483647;
			files = (
			);
			runOnlyForDeploymentPostprocessing = 0;
		};
		6E52A5692A2108FE009A81D2 /* Frameworks */ = {
			isa = PBXFrameworksBuildPhase;
			buildActionMask = 2147483647;
			files = (
			);
			runOnlyForDeploymentPostprocessing = 0;
		};
/* End PBXFrameworksBuildPhase section */

/* Begin PBXGroup section */
		6E39C58D2A24DAA800967990 /* Utils */ = {
			isa = PBXGroup;
			children = (
				6E39C58E2A24DABA00967990 /* Constants.swift */,
			);
			path = Utils;
			sourceTree = "<group>";
		};
		6E39C5952A25103700967990 /* Views */ = {
			isa = PBXGroup;
			children = (
				6E39C5982A25111400967990 /* TodoItemCell.swift */,
			);
			path = Views;
			sourceTree = "<group>";
		};
		6E39C5962A25104000967990 /* Controllers */ = {
			isa = PBXGroup;
			children = (
				6E52A5532A2108FD009A81D2 /* TodoListViewController.swift */,
				6E39C58B2A24D4B900967990 /* DetailLocationViewController.swift */,
				6E39C5932A24E44800967990 /* TodoFormViewController.swift */,
				6E39C5892A24C6D500967990 /* TodoListDataProvider.swift */,
			);
			path = Controllers;
			sourceTree = "<group>";
		};
		6E39C5972A25104B00967990 /* Models */ = {
			isa = PBXGroup;
			children = (
				6E39C5872A2495FD00967990 /* TodoItem.swift */,
				6E39C5852A2493A500967990 /* ModelManager.swift */,
			);
			path = Models;
			sourceTree = "<group>";
		};
		6E52A5432A2108FD009A81D2 = {
			isa = PBXGroup;
			children = (
				6E52A54E2A2108FD009A81D2 /* ToDoListOfTDD */,
				6E52A5652A2108FE009A81D2 /* ToDoListOfTDDTests */,
				6E52A56F2A2108FE009A81D2 /* ToDoListOfTDDUITests */,
				6E52A54D2A2108FD009A81D2 /* Products */,
			);
			sourceTree = "<group>";
		};
		6E52A54D2A2108FD009A81D2 /* Products */ = {
			isa = PBXGroup;
			children = (
				6E52A54C2A2108FD009A81D2 /* ToDoListOfTDD.app */,
				6E52A5622A2108FE009A81D2 /* ToDoListOfTDDTests.xctest */,
				6E52A56C2A2108FE009A81D2 /* ToDoListOfTDDUITests.xctest */,
			);
			name = Products;
			sourceTree = "<group>";
		};
		6E52A54E2A2108FD009A81D2 /* ToDoListOfTDD */ = {
			isa = PBXGroup;
			children = (
				6E39C5972A25104B00967990 /* Models */,
				6E39C5962A25104000967990 /* Controllers */,
				6E39C5952A25103700967990 /* Views */,
				6E39C58D2A24DAA800967990 /* Utils */,
				6E52A54F2A2108FD009A81D2 /* AppDelegate.swift */,
				6E52A5512A2108FD009A81D2 /* SceneDelegate.swift */,
				6E52A5552A2108FD009A81D2 /* Main.storyboard */,
				6E52A5582A2108FE009A81D2 /* Assets.xcassets */,
				6E52A55A2A2108FE009A81D2 /* LaunchScreen.storyboard */,
				6E52A55D2A2108FE009A81D2 /* Info.plist */,
			);
			path = ToDoListOfTDD;
			sourceTree = "<group>";
		};
		6E52A5652A2108FE009A81D2 /* ToDoListOfTDDTests */ = {
			isa = PBXGroup;
			children = (
				6E52A5662A2108FE009A81D2 /* ToDoListOfTDDTests.swift */,
			);
			path = ToDoListOfTDDTests;
			sourceTree = "<group>";
		};
		6E52A56F2A2108FE009A81D2 /* ToDoListOfTDDUITests */ = {
			isa = PBXGroup;
			children = (
				6E52A5702A2108FE009A81D2 /* ToDoListOfTDDUITests.swift */,
				6E52A5722A2108FE009A81D2 /* ToDoListOfTDDUITestsLaunchTests.swift */,
			);
			path = ToDoListOfTDDUITests;
			sourceTree = "<group>";
		};
/* End PBXGroup section */

/* Begin PBXNativeTarget section */
		6E52A54B2A2108FD009A81D2 /* ToDoListOfTDD */ = {
			isa = PBXNativeTarget;
			buildConfigurationList = 6E52A5762A2108FE009A81D2 /* Build configuration list for PBXNativeTarget "ToDoListOfTDD" */;
			buildPhases = (
				6E52A5482A2108FD009A81D2 /* Sources */,
				6E52A5492A2108FD009A81D2 /* Frameworks */,
				6E52A54A2A2108FD009A81D2 /* Resources */,
			);
			buildRules = (
			);
			dependencies = (
			);
			name = ToDoListOfTDD;
			packageProductDependencies = (
				6E39C5912A24E15500967990 /* SnapKit */,
			);
			productName = ToDoListOfTDD;
			productReference = 6E52A54C2A2108FD009A81D2 /* ToDoListOfTDD.app */;
			productType = "com.apple.product-type.application";
		};
		6E52A5612A2108FE009A81D2 /* ToDoListOfTDDTests */ = {
			isa = PBXNativeTarget;
			buildConfigurationList = 6E52A5792A2108FE009A81D2 /* Build configuration list for PBXNativeTarget "ToDoListOfTDDTests" */;
			buildPhases = (
				6E52A55E2A2108FE009A81D2 /* Sources */,
				6E52A55F2A2108FE009A81D2 /* Frameworks */,
				6E52A5602A2108FE009A81D2 /* Resources */,
			);
			buildRules = (
			);
			dependencies = (
				6E52A5642A2108FE009A81D2 /* PBXTargetDependency */,
			);
			name = ToDoListOfTDDTests;
			productName = ToDoListOfTDDTests;
			productReference = 6E52A5622A2108FE009A81D2 /* ToDoListOfTDDTests.xctest */;
			productType = "com.apple.product-type.bundle.unit-test";
		};
		6E52A56B2A2108FE009A81D2 /* ToDoListOfTDDUITests */ = {
			isa = PBXNativeTarget;
			buildConfigurationList = 6E52A57C2A2108FE009A81D2 /* Build configuration list for PBXNativeTarget "ToDoListOfTDDUITests" */;
			buildPhases = (
				6E52A5682A2108FE009A81D2 /* Sources */,
				6E52A5692A2108FE009A81D2 /* Frameworks */,
				6E52A56A2A2108FE009A81D2 /* Resources */,
			);
			buildRules = (
			);
			dependencies = (
				6E52A56E2A2108FE009A81D2 /* PBXTargetDependency */,
			);
			name = ToDoListOfTDDUITests;
			productName = ToDoListOfTDDUITests;
			productReference = 6E52A56C2A2108FE009A81D2 /* ToDoListOfTDDUITests.xctest */;
			productType = "com.apple.product-type.bundle.ui-testing";
		};
/* End PBXNativeTarget section */

/* Begin PBXProject section */
		6E52A5442A2108FD009A81D2 /* Project object */ = {
			isa = PBXProject;
			attributes = {
				BuildIndependentTargetsInParallel = 1;
				LastSwiftUpdateCheck = 1430;
				LastUpgradeCheck = 1430;
				TargetAttributes = {
					6E52A54B2A2108FD009A81D2 = {
						CreatedOnToolsVersion = 14.3;
					};
					6E52A5612A2108FE009A81D2 = {
						CreatedOnToolsVersion = 14.3;
						TestTargetID = 6E52A54B2A2108FD009A81D2;
					};
					6E52A56B2A2108FE009A81D2 = {
						CreatedOnToolsVersion = 14.3;
						TestTargetID = 6E52A54B2A2108FD009A81D2;
					};
				};
			};
			buildConfigurationList = 6E52A5472A2108FD009A81D2 /* Build configuration list for PBXProject "ToDoListOfTDD" */;
			compatibilityVersion = "Xcode 14.0";
			developmentRegion = en;
			hasScannedForEncodings = 0;
			knownRegions = (
				en,
				Base,
			);
			mainGroup = 6E52A5432A2108FD009A81D2;
			packageReferences = (
				6E39C5902A24E15500967990 /* XCRemoteSwiftPackageReference "SnapKit" */,
			);
			productRefGroup = 6E52A54D2A2108FD009A81D2 /* Products */;
			projectDirPath = "";
			projectRoot = "";
			targets = (
				6E52A54B2A2108FD009A81D2 /* ToDoListOfTDD */,
				6E52A5612A2108FE009A81D2 /* ToDoListOfTDDTests */,
				6E52A56B2A2108FE009A81D2 /* ToDoListOfTDDUITests */,
			);
		};
/* End PBXProject section */

/* Begin PBXResourcesBuildPhase section */
		6E52A54A2A2108FD009A81D2 /* Resources */ = {
			isa = PBXResourcesBuildPhase;
			buildActionMask = 2147483647;
			files = (
				6E52A55C2A2108FE009A81D2 /* LaunchScreen.storyboard in Resources */,
				6E52A5592A2108FE009A81D2 /* Assets.xcassets in Resources */,
				6E52A5572A2108FD009A81D2 /* Main.storyboard in Resources */,
			);
			runOnlyForDeploymentPostprocessing = 0;
		};
		6E52A5602A2108FE009A81D2 /* Resources */ = {
			isa = PBXResourcesBuildPhase;
			buildActionMask = 2147483647;
			files = (
			);
			runOnlyForDeploymentPostprocessing = 0;
		};
		6E52A56A2A2108FE009A81D2 /* Resources */ = {
			isa = PBXResourcesBuildPhase;
			buildActionMask = 2147483647;
			files = (
			);
			runOnlyForDeploymentPostprocessing = 0;
		};
/* End PBXResourcesBuildPhase section */

/* Begin PBXSourcesBuildPhase section */
		6E52A5482A2108FD009A81D2 /* Sources */ = {
			isa = PBXSourcesBuildPhase;
			buildActionMask = 2147483647;
			files = (
				6E39C5882A2495FD00967990 /* TodoItem.swift in Sources */,
				6E39C5942A24E44800967990 /* TodoFormViewController.swift in Sources */,
				6E52A5542A2108FD009A81D2 /* TodoListViewController.swift in Sources */,
				6E39C5862A2493A500967990 /* ModelManager.swift in Sources */,
				6E52A5502A2108FD009A81D2 /* AppDelegate.swift in Sources */,
				6E39C58A2A24C6D500967990 /* TodoListDataProvider.swift in Sources */,
				6E52A5522A2108FD009A81D2 /* SceneDelegate.swift in Sources */,
				6E39C58C2A24D4B900967990 /* DetailLocationViewController.swift in Sources */,
				6E39C5992A25111400967990 /* TodoItemCell.swift in Sources */,
				6E39C58F2A24DABA00967990 /* Constants.swift in Sources */,
			);
			runOnlyForDeploymentPostprocessing = 0;
		};
		6E52A55E2A2108FE009A81D2 /* Sources */ = {
			isa = PBXSourcesBuildPhase;
			buildActionMask = 2147483647;
			files = (
				6E52A5672A2108FE009A81D2 /* ToDoListOfTDDTests.swift in Sources */,
			);
			runOnlyForDeploymentPostprocessing = 0;
		};
		6E52A5682A2108FE009A81D2 /* Sources */ = {
			isa = PBXSourcesBuildPhase;
			buildActionMask = 2147483647;
			files = (
				6E52A5732A2108FE009A81D2 /* ToDoListOfTDDUITestsLaunchTests.swift in Sources */,
				6E52A5712A2108FE009A81D2 /* ToDoListOfTDDUITests.swift in Sources */,
			);
			runOnlyForDeploymentPostprocessing = 0;
		};
/* End PBXSourcesBuildPhase section */

/* Begin PBXTargetDependency section */
		6E52A5642A2108FE009A81D2 /* PBXTargetDependency */ = {
			isa = PBXTargetDependency;
			target = 6E52A54B2A2108FD009A81D2 /* ToDoListOfTDD */;
			targetProxy = 6E52A5632A2108FE009A81D2 /* PBXContainerItemProxy */;
		};
		6E52A56E2A2108FE009A81D2 /* PBXTargetDependency */ = {
			isa = PBXTargetDependency;
			target = 6E52A54B2A2108FD009A81D2 /* ToDoListOfTDD */;
			targetProxy = 6E52A56D2A2108FE009A81D2 /* PBXContainerItemProxy */;
		};
/* End PBXTargetDependency section */

/* Begin PBXVariantGroup section */
		6E52A5552A2108FD009A81D2 /* Main.storyboard */ = {
			isa = PBXVariantGroup;
			children = (
				6E52A5562A2108FD009A81D2 /* Base */,
			);
			name = Main.storyboard;
			sourceTree = "<group>";
		};
		6E52A55A2A2108FE009A81D2 /* LaunchScreen.storyboard */ = {
			isa = PBXVariantGroup;
			children = (
				6E52A55B2A2108FE009A81D2 /* Base */,
			);
			name = LaunchScreen.storyboard;
			sourceTree = "<group>";
		};
/* End PBXVariantGroup section */

/* Begin XCBuildConfiguration section */
		6E52A5742A2108FE009A81D2 /* Debug */ = {
			isa = XCBuildConfiguration;
			buildSettings = {
				ALWAYS_SEARCH_USER_PATHS = NO;
				CLANG_ANALYZER_NONNULL = YES;
				CLANG_ANALYZER_NUMBER_OBJECT_CONVERSION = YES_AGGRESSIVE;
				CLANG_CXX_LANGUAGE_STANDARD = "gnu++20";
				CLANG_ENABLE_MODULES = YES;
				CLANG_ENABLE_OBJC_ARC = YES;
				CLANG_ENABLE_OBJC_WEAK = YES;
				CLANG_WARN_BLOCK_CAPTURE_AUTORELEASING = YES;
				CLANG_WARN_BOOL_CONVERSION = YES;
				CLANG_WARN_COMMA = YES;
				CLANG_WARN_CONSTANT_CONVERSION = YES;
				CLANG_WARN_DEPRECATED_OBJC_IMPLEMENTATIONS = YES;
				CLANG_WARN_DIRECT_OBJC_ISA_USAGE = YES_ERROR;
				CLANG_WARN_DOCUMENTATION_COMMENTS = YES;
				CLANG_WARN_EMPTY_BODY = YES;
				CLANG_WARN_ENUM_CONVERSION = YES;
				CLANG_WARN_INFINITE_RECURSION = YES;
				CLANG_WARN_INT_CONVERSION = YES;
				CLANG_WARN_NON_LITERAL_NULL_CONVERSION = YES;
				CLANG_WARN_OBJC_IMPLICIT_RETAIN_SELF = YES;
				CLANG_WARN_OBJC_LITERAL_CONVERSION = YES;
				CLANG_WARN_OBJC_ROOT_CLASS = YES_ERROR;
				CLANG_WARN_QUOTED_INCLUDE_IN_FRAMEWORK_HEADER = YES;
				CLANG_WARN_RANGE_LOOP_ANALYSIS = YES;
				CLANG_WARN_STRICT_PROTOTYPES = YES;
				CLANG_WARN_SUSPICIOUS_MOVE = YES;
				CLANG_WARN_UNGUARDED_AVAILABILITY = YES_AGGRESSIVE;
				CLANG_WARN_UNREACHABLE_CODE = YES;
				CLANG_WARN__DUPLICATE_METHOD_MATCH = YES;
				COPY_PHASE_STRIP = NO;
				DEBUG_INFORMATION_FORMAT = dwarf;
				ENABLE_STRICT_OBJC_MSGSEND = YES;
				ENABLE_TESTABILITY = YES;
				GCC_C_LANGUAGE_STANDARD = gnu11;
				GCC_DYNAMIC_NO_PIC = NO;
				GCC_NO_COMMON_BLOCKS = YES;
				GCC_OPTIMIZATION_LEVEL = 0;
				GCC_PREPROCESSOR_DEFINITIONS = (
					"DEBUG=1",
					"$(inherited)",
				);
				GCC_WARN_64_TO_32_BIT_CONVERSION = YES;
				GCC_WARN_ABOUT_RETURN_TYPE = YES_ERROR;
				GCC_WARN_UNDECLARED_SELECTOR = YES;
				GCC_WARN_UNINITIALIZED_AUTOS = YES_AGGRESSIVE;
				GCC_WARN_UNUSED_FUNCTION = YES;
				GCC_WARN_UNUSED_VARIABLE = YES;
				IPHONEOS_DEPLOYMENT_TARGET = 16.4;
				MTL_ENABLE_DEBUG_INFO = INCLUDE_SOURCE;
				MTL_FAST_MATH = YES;
				ONLY_ACTIVE_ARCH = YES;
				SDKROOT = iphoneos;
				SWIFT_ACTIVE_COMPILATION_CONDITIONS = DEBUG;
				SWIFT_OPTIMIZATION_LEVEL = "-Onone";
			};
			name = Debug;
		};
		6E52A5752A2108FE009A81D2 /* Release */ = {
			isa = XCBuildConfiguration;
			buildSettings = {
				ALWAYS_SEARCH_USER_PATHS = NO;
				CLANG_ANALYZER_NONNULL = YES;
				CLANG_ANALYZER_NUMBER_OBJECT_CONVERSION = YES_AGGRESSIVE;
				CLANG_CXX_LANGUAGE_STANDARD = "gnu++20";
				CLANG_ENABLE_MODULES = YES;
				CLANG_ENABLE_OBJC_ARC = YES;
				CLANG_ENABLE_OBJC_WEAK = YES;
				CLANG_WARN_BLOCK_CAPTURE_AUTORELEASING = YES;
				CLANG_WARN_BOOL_CONVERSION = YES;
				CLANG_WARN_COMMA = YES;
				CLANG_WARN_CONSTANT_CONVERSION = YES;
				CLANG_WARN_DEPRECATED_OBJC_IMPLEMENTATIONS = YES;
				CLANG_WARN_DIRECT_OBJC_ISA_USAGE = YES_ERROR;
				CLANG_WARN_DOCUMENTATION_COMMENTS = YES;
				CLANG_WARN_EMPTY_BODY = YES;
				CLANG_WARN_ENUM_CONVERSION = YES;
				CLANG_WARN_INFINITE_RECURSION = YES;
				CLANG_WARN_INT_CONVERSION = YES;
				CLANG_WARN_NON_LITERAL_NULL_CONVERSION = YES;
				CLANG_WARN_OBJC_IMPLICIT_RETAIN_SELF = YES;
				CLANG_WARN_OBJC_LITERAL_CONVERSION = YES;
				CLANG_WARN_OBJC_ROOT_CLASS = YES_ERROR;
				CLANG_WARN_QUOTED_INCLUDE_IN_FRAMEWORK_HEADER = YES;
				CLANG_WARN_RANGE_LOOP_ANALYSIS = YES;
				CLANG_WARN_STRICT_PROTOTYPES = YES;
				CLANG_WARN_SUSPICIOUS_MOVE = YES;
				CLANG_WARN_UNGUARDED_AVAILABILITY = YES_AGGRESSIVE;
				CLANG_WARN_UNREACHABLE_CODE = YES;
				CLANG_WARN__DUPLICATE_METHOD_MATCH = YES;
				COPY_PHASE_STRIP = NO;
				DEBUG_INFORMATION_FORMAT = "dwarf-with-dsym";
				ENABLE_NS_ASSERTIONS = NO;
				ENABLE_STRICT_OBJC_MSGSEND = YES;
				GCC_C_LANGUAGE_STANDARD = gnu11;
				GCC_NO_COMMON_BLOCKS = YES;
				GCC_WARN_64_TO_32_BIT_CONVERSION = YES;
				GCC_WARN_ABOUT_RETURN_TYPE = YES_ERROR;
				GCC_WARN_UNDECLARED_SELECTOR = YES;
				GCC_WARN_UNINITIALIZED_AUTOS = YES_AGGRESSIVE;
				GCC_WARN_UNUSED_FUNCTION = YES;
				GCC_WARN_UNUSED_VARIABLE = YES;
				IPHONEOS_DEPLOYMENT_TARGET = 16.4;
				MTL_ENABLE_DEBUG_INFO = NO;
				MTL_FAST_MATH = YES;
				SDKROOT = iphoneos;
				SWIFT_COMPILATION_MODE = wholemodule;
				SWIFT_OPTIMIZATION_LEVEL = "-O";
				VALIDATE_PRODUCT = YES;
			};
			name = Release;
		};
		6E52A5772A2108FE009A81D2 /* Debug */ = {
			isa = XCBuildConfiguration;
			buildSettings = {
				ASSETCATALOG_COMPILER_APPICON_NAME = AppIcon;
				ASSETCATALOG_COMPILER_GLOBAL_ACCENT_COLOR_NAME = AccentColor;
				CODE_SIGN_STYLE = Automatic;
				CURRENT_PROJECT_VERSION = 1;
				GENERATE_INFOPLIST_FILE = YES;
				INFOPLIST_FILE = ToDoListOfTDD/Info.plist;
				INFOPLIST_KEY_UIApplicationSupportsIndirectInputEvents = YES;
				INFOPLIST_KEY_UILaunchStoryboardName = LaunchScreen;
				INFOPLIST_KEY_UIMainStoryboardFile = Main;
				INFOPLIST_KEY_UISupportedInterfaceOrientations_iPad = "UIInterfaceOrientationPortrait UIInterfaceOrientationPortraitUpsideDown UIInterfaceOrientationLandscapeLeft UIInterfaceOrientationLandscapeRight";
				INFOPLIST_KEY_UISupportedInterfaceOrientations_iPhone = "UIInterfaceOrientationPortrait UIInterfaceOrientationLandscapeLeft UIInterfaceOrientationLandscapeRight";
				LD_RUNPATH_SEARCH_PATHS = (
					"$(inherited)",
					"@executable_path/Frameworks",
				);
				MARKETING_VERSION = 1.0;
				PRODUCT_BUNDLE_IDENTIFIER = com.AKAPUCH.ToDoListOfTDD;
				PRODUCT_NAME = "$(TARGET_NAME)";
				SWIFT_EMIT_LOC_STRINGS = YES;
				SWIFT_VERSION = 5.0;
				TARGETED_DEVICE_FAMILY = "1,2";
			};
			name = Debug;
		};
		6E52A5782A2108FE009A81D2 /* Release */ = {
			isa = XCBuildConfiguration;
			buildSettings = {
				ASSETCATALOG_COMPILER_APPICON_NAME = AppIcon;
				ASSETCATALOG_COMPILER_GLOBAL_ACCENT_COLOR_NAME = AccentColor;
				CODE_SIGN_STYLE = Automatic;
				CURRENT_PROJECT_VERSION = 1;
				GENERATE_INFOPLIST_FILE = YES;
				INFOPLIST_FILE = ToDoListOfTDD/Info.plist;
				INFOPLIST_KEY_UIApplicationSupportsIndirectInputEvents = YES;
				INFOPLIST_KEY_UILaunchStoryboardName = LaunchScreen;
				INFOPLIST_KEY_UIMainStoryboardFile = Main;
				INFOPLIST_KEY_UISupportedInterfaceOrientations_iPad = "UIInterfaceOrientationPortrait UIInterfaceOrientationPortraitUpsideDown UIInterfaceOrientationLandscapeLeft UIInterfaceOrientationLandscapeRight";
				INFOPLIST_KEY_UISupportedInterfaceOrientations_iPhone = "UIInterfaceOrientationPortrait UIInterfaceOrientationLandscapeLeft UIInterfaceOrientationLandscapeRight";
				LD_RUNPATH_SEARCH_PATHS = (
					"$(inherited)",
					"@executable_path/Frameworks",
				);
				MARKETING_VERSION = 1.0;
				PRODUCT_BUNDLE_IDENTIFIER = com.AKAPUCH.ToDoListOfTDD;
				PRODUCT_NAME = "$(TARGET_NAME)";
				SWIFT_EMIT_LOC_STRINGS = YES;
				SWIFT_VERSION = 5.0;
				TARGETED_DEVICE_FAMILY = "1,2";
			};
			name = Release;
		};
		6E52A57A2A2108FE009A81D2 /* Debug */ = {
			isa = XCBuildConfiguration;
			buildSettings = {
				ALWAYS_EMBED_SWIFT_STANDARD_LIBRARIES = YES;
				BUNDLE_LOADER = "$(TEST_HOST)";
				CODE_SIGN_STYLE = Automatic;
				CURRENT_PROJECT_VERSION = 1;
				GENERATE_INFOPLIST_FILE = YES;
				IPHONEOS_DEPLOYMENT_TARGET = 16.4;
				MARKETING_VERSION = 1.0;
				PRODUCT_BUNDLE_IDENTIFIER = com.AKAPUCH.ToDoListOfTDDTests;
				PRODUCT_NAME = "$(TARGET_NAME)";
				SWIFT_EMIT_LOC_STRINGS = NO;
				SWIFT_VERSION = 5.0;
				TARGETED_DEVICE_FAMILY = "1,2";
				TEST_HOST = "$(BUILT_PRODUCTS_DIR)/ToDoListOfTDD.app/$(BUNDLE_EXECUTABLE_FOLDER_PATH)/ToDoListOfTDD";
			};
			name = Debug;
		};
		6E52A57B2A2108FE009A81D2 /* Release */ = {
			isa = XCBuildConfiguration;
			buildSettings = {
				ALWAYS_EMBED_SWIFT_STANDARD_LIBRARIES = YES;
				BUNDLE_LOADER = "$(TEST_HOST)";
				CODE_SIGN_STYLE = Automatic;
				CURRENT_PROJECT_VERSION = 1;
				GENERATE_INFOPLIST_FILE = YES;
				IPHONEOS_DEPLOYMENT_TARGET = 16.4;
				MARKETING_VERSION = 1.0;
				PRODUCT_BUNDLE_IDENTIFIER = com.AKAPUCH.ToDoListOfTDDTests;
				PRODUCT_NAME = "$(TARGET_NAME)";
				SWIFT_EMIT_LOC_STRINGS = NO;
				SWIFT_VERSION = 5.0;
				TARGETED_DEVICE_FAMILY = "1,2";
				TEST_HOST = "$(BUILT_PRODUCTS_DIR)/ToDoListOfTDD.app/$(BUNDLE_EXECUTABLE_FOLDER_PATH)/ToDoListOfTDD";
			};
			name = Release;
		};
		6E52A57D2A2108FE009A81D2 /* Debug */ = {
			isa = XCBuildConfiguration;
			buildSettings = {
				ALWAYS_EMBED_SWIFT_STANDARD_LIBRARIES = YES;
				CODE_SIGN_STYLE = Automatic;
				CURRENT_PROJECT_VERSION = 1;
				GENERATE_INFOPLIST_FILE = YES;
				MARKETING_VERSION = 1.0;
				PRODUCT_BUNDLE_IDENTIFIER = com.AKAPUCH.ToDoListOfTDDUITests;
				PRODUCT_NAME = "$(TARGET_NAME)";
				SWIFT_EMIT_LOC_STRINGS = NO;
				SWIFT_VERSION = 5.0;
				TARGETED_DEVICE_FAMILY = "1,2";
				TEST_TARGET_NAME = ToDoListOfTDD;
			};
			name = Debug;
		};
		6E52A57E2A2108FE009A81D2 /* Release */ = {
			isa = XCBuildConfiguration;
			buildSettings = {
				ALWAYS_EMBED_SWIFT_STANDARD_LIBRARIES = YES;
				CODE_SIGN_STYLE = Automatic;
				CURRENT_PROJECT_VERSION = 1;
				GENERATE_INFOPLIST_FILE = YES;
				MARKETING_VERSION = 1.0;
				PRODUCT_BUNDLE_IDENTIFIER = com.AKAPUCH.ToDoListOfTDDUITests;
				PRODUCT_NAME = "$(TARGET_NAME)";
				SWIFT_EMIT_LOC_STRINGS = NO;
				SWIFT_VERSION = 5.0;
				TARGETED_DEVICE_FAMILY = "1,2";
				TEST_TARGET_NAME = ToDoListOfTDD;
			};
			name = Release;
		};
/* End XCBuildConfiguration section */

/* Begin XCConfigurationList section */
		6E52A5472A2108FD009A81D2 /* Build configuration list for PBXProject "ToDoListOfTDD" */ = {
			isa = XCConfigurationList;
			buildConfigurations = (
				6E52A5742A2108FE009A81D2 /* Debug */,
				6E52A5752A2108FE009A81D2 /* Release */,
			);
			defaultConfigurationIsVisible = 0;
			defaultConfigurationName = Release;
		};
		6E52A5762A2108FE009A81D2 /* Build configuration list for PBXNativeTarget "ToDoListOfTDD" */ = {
			isa = XCConfigurationList;
			buildConfigurations = (
				6E52A5772A2108FE009A81D2 /* Debug */,
				6E52A5782A2108FE009A81D2 /* Release */,
			);
			defaultConfigurationIsVisible = 0;
			defaultConfigurationName = Release;
		};
		6E52A5792A2108FE009A81D2 /* Build configuration list for PBXNativeTarget "ToDoListOfTDDTests" */ = {
			isa = XCConfigurationList;
			buildConfigurations = (
				6E52A57A2A2108FE009A81D2 /* Debug */,
				6E52A57B2A2108FE009A81D2 /* Release */,
			);
			defaultConfigurationIsVisible = 0;
			defaultConfigurationName = Release;
		};
		6E52A57C2A2108FE009A81D2 /* Build configuration list for PBXNativeTarget "ToDoListOfTDDUITests" */ = {
			isa = XCConfigurationList;
			buildConfigurations = (
				6E52A57D2A2108FE009A81D2 /* Debug */,
				6E52A57E2A2108FE009A81D2 /* Release */,
			);
			defaultConfigurationIsVisible = 0;
			defaultConfigurationName = Release;
		};
/* End XCConfigurationList section */

/* Begin XCRemoteSwiftPackageReference section */
		6E39C5902A24E15500967990 /* XCRemoteSwiftPackageReference "SnapKit" */ = {
			isa = XCRemoteSwiftPackageReference;
			repositoryURL = "https://github.com/SnapKit/SnapKit.git";
			requirement = {
				kind = upToNextMajorVersion;
				minimumVersion = 5.0.0;
			};
		};
/* End XCRemoteSwiftPackageReference section */

/* Begin XCSwiftPackageProductDependency section */
		6E39C5912A24E15500967990 /* SnapKit */ = {
			isa = XCSwiftPackageProductDependency;
			package = 6E39C5902A24E15500967990 /* XCRemoteSwiftPackageReference "SnapKit" */;
			productName = SnapKit;
		};
/* End XCSwiftPackageProductDependency section */
	};
	rootObject = 6E52A5442A2108FD009A81D2 /* Project object */;
}
